{
  "nodes": {
    "nixpkgs": {
      "locked": {
        "lastModified": 1782691344,
        "narHash": "sha256-UKS8lypnW5OOIWc3/Qe27/SeO/MsVhiQ0FVUClLZMiA=",
        "rev": "1f01958ffb5b3545c96d9ef2f4e24c5e5e1eb846",
        "type": "tarball",
        "url": "https://releases.nixos.org/nixos/26.05/nixos-26.05.3705.1f01958ffb5b/nixexprs.tar.xz"
      },
      "original": {
        "id": "nixpkgs",
        "ref": "nixos-26.05",
        "type": "indirect"
      }
    },
    "root": {
      "inputs": {
        "nixpkgs": "nixpkgs"
      }
    }
  },
  "root": "root",
  "version": 7
}
