{
  "nodes": {
    "nixpkgs": {
      "locked": {
        "lastModified": 1786943417,
        "narHash": "sha256-eVWN0FVPJSK7wgm9SxzFwd6FNRWoJN2oAe3M6MbpZ8U=",
        "rev": "0dd31db7e6dbf9ce05697c4545f6fe01accec994",
        "type": "tarball",
        "url": "https://releases.nixos.org/nixos/26.05/nixos-26.05.7813.0dd31db7e6db/nixexprs.tar.xz"
      },
      "original": {
        "id": "nixpkgs",
        "ref": "nixos-26.05",
        "type": "indirect"
      }
    },
    "root": {
      "inputs": {
        "nixpkgs": "nixpkgs"
      }
    }
  },
  "root": "root",
  "version": 7
}
