{
  "nodes": {
    "nixpkgs": {
      "locked": {
        "lastModified": 1785734586,
        "narHash": "sha256-rBYNiK4XmVxmJaK40DRnmoPUpCeRXJ4DJdQ/DW2LQRU=",
        "rev": "531670d871c0e29724a02f3cbcac170adc65b58c",
        "type": "tarball",
        "url": "https://releases.nixos.org/nixos/26.05/nixos-26.05.6815.531670d871c0/nixexprs.tar.xz"
      },
      "original": {
        "id": "nixpkgs",
        "ref": "nixos-26.05",
        "type": "indirect"
      }
    },
    "root": {
      "inputs": {
        "nixpkgs": "nixpkgs"
      }
    }
  },
  "root": "root",
  "version": 7
}
