{
  "nodes": {
    "nixpkgs": {
      "locked": {
        "lastModified": 1679748960,
        "narHash": "sha256-BP8XcYHyj1NxQi04RpyNW8e7KiXSoI+Fy1tXIK2GfdA=",
        "path": "/nix/store/rgszd759xg7rj5rg5h2k97sgj42ym6j6-source",
        "rev": "da26ae9f6ce2c9ab380c0f394488892616fc5a6a",
        "type": "path"
      },
      "original": {
        "id": "nixpkgs",
        "type": "indirect"
      }
    },
    "root": {
      "inputs": {
        "nixpkgs": "nixpkgs"
      }
    }
  },
  "root": "root",
  "version": 7
}
